<Solution>
  <Folder Name="/config/">
    <File Path=".config/dotnet-tools.json" />
    <File Path=".editorconfig" />
    <File Path=".github/agents/ater-agent.md" />
    <File Path=".github/copilot-instructions.md" />
    <File Path="Directory.Packages.props" />
  </Folder>
  <Folder Name="/docs/">
    <File Path="docs/IAM解决方案设计文档.md" />
    <File Path="README.md" />
  </Folder>
  <Folder Name="/scripts/">
    <File Path="scripts/EFMigrations.ps1" />
    <File Path="scripts/UpdateMenus.ps1" />
  </Folder>
  <Folder Name="/src/">
    <Project Path="src/AppHost/AppHost.csproj" />
  </Folder>
  <Folder Name="/src/Definition/">
    <Project Path="src/Definition/Entity/Entity.csproj" />
    <Project Path="src/Definition/EntityFramework/EntityFramework.csproj" />
    <Project Path="src/Definition/ServiceDefaults/ServiceDefaults.csproj" />
    <Project Path="src/Definition/Share/Share.csproj" />
  </Folder>
  <Folder Name="/src/Modules/">
    <Project Path="src/Modules/IAMMod/IAMMod.csproj" />
    <Project Path="src/Modules/UserCenterMod/UserCenterMod.csproj" />
  </Folder>
  <Folder Name="/src/Perigon/">
    <Project Path="src/Perigon/Perigon.AspNetCore.SourceGeneration/Perigon.AspNetCore.SourceGeneration.csproj" />
    <Project Path="src/Perigon/Perigon.AspNetCore.Toolkit/Perigon.AspNetCore.Toolkit.csproj" />
    <Project Path="src/Perigon/Perigon.AspNetCore/Perigon.AspNetCore.csproj" />
  </Folder>
  <Folder Name="/src/Services/" Id="02ea681e-c7d8-13c7-8484-4ac65e1b71e8">
    <Project Path="src/Services/ApiService/ApiService.csproj" />
    <Project Path="src/Services/ApiSampleService/ApiSampleService.csproj" />
    <Project Path="src/Services/MigrationService/MigrationService.csproj" />
    <Project Path="src/Services/UserCenterService/UserCenterService.csproj" />
  </Folder>
  <Folder Name="/tests/">
    <Project Path="tests/Tests/Tests.csproj" />
  </Folder>
</Solution>
