lockfileVersion: '9.0'

settings:
  autoInstallPeers: true
  excludeLinksFromLockfile: false

importers:

  .:
    dependencies:
      '@fontsource/material-symbols-outlined':
        specifier: ^5.2.40
        version: 5.2.40

packages:

  '@fontsource/material-symbols-outlined@5.2.40':
    resolution: {integrity: sha512-mrWUxruvmp/m2047MEnIiaX1FvQVoj3Ctk1Yond6cycFoybZWYhETWFkBJ5ua8+IA6SaAOHSLoXm6aFgxv37CA==}

snapshots:

  '@fontsource/material-symbols-outlined@5.2.40': {}
